
Microsoft Visual Studio Solution File, Format Version 12.00
# Visual Studio 15
VisualStudioVersion = 15.0.28010.2019
MinimumVisualStudioVersion = 10.0.40219.1
Project("{8BC9CEB8-8B4A-11D0-8D11-00A0C91BC942}") = "LAB2_ATTEMPT", "LAB2_ATTEMPT.vcxproj", "{BCDBB450-6224-4688-A767-114D5216B92F}"
EndProject
Global
	GlobalSection(SolutionConfigurationPlatforms) = preSolution
		Debug|x64 = Debug|x64
		Debug|x86 = Debug|x86
		Release|x64 = Release|x64
		Release|x86 = Release|x86
	EndGlobalSection
	GlobalSection(ProjectConfigurationPlatforms) = postSolution
		{BCDBB450-6224-4688-A767-114D5216B92F}.Debug|x64.ActiveCfg = Debug|x64
		{BCDBB450-6224-4688-A767-114D5216B92F}.Debug|x64.Build.0 = Debug|x64
		{BCDBB450-6224-4688-A767-114D5216B92F}.Debug|x86.ActiveCfg = Debug|Win32
		{BCDBB450-6224-4688-A767-114D5216B92F}.Debug|x86.Build.0 = Debug|Win32
		{BCDBB450-6224-4688-A767-114D5216B92F}.Release|x64.ActiveCfg = Release|x64
		{BCDBB450-6224-4688-A767-114D5216B92F}.Release|x64.Build.0 = Release|x64
		{BCDBB450-6224-4688-A767-114D5216B92F}.Release|x86.ActiveCfg = Release|Win32
		{BCDBB450-6224-4688-A767-114D5216B92F}.Release|x86.Build.0 = Release|Win32
	EndGlobalSection
	GlobalSection(SolutionProperties) = preSolution
		HideSolutionNode = FALSE
	EndGlobalSection
	GlobalSection(ExtensibilityGlobals) = postSolution
		SolutionGuid = {B159F0E9-8BAE-4EDD-9255-60A2A81C29D1}
	EndGlobalSection
EndGlobal
